
Microsoft Visual Studio Solution File, Format Version 12.00
# Visual Studio 15
VisualStudioVersion = 15.0.28307.421
MinimumVisualStudioVersion = 10.0.40219.1
Project("{FAE04EC0-301F-11D3-BF4B-00C04F79EFBC}") = "QYPlugin", "QYPlugin\QYPlugin.csproj", "{FF787E1B-C3DE-4933-9D0F-FA842DB4A0A3}"
EndProject
Global
	GlobalSection(SolutionConfigurationPlatforms) = preSolution
		Debug|Any CPU = Debug|Any CPU
		Release|Any CPU = Release|Any CPU
	EndGlobalSection
	GlobalSection(ProjectConfigurationPlatforms) = postSolution
		{FF787E1B-C3DE-4933-9D0F-FA842DB4A0A3}.Debug|Any CPU.ActiveCfg = Debug|Any CPU
		{FF787E1B-C3DE-4933-9D0F-FA842DB4A0A3}.Debug|Any CPU.Build.0 = Debug|Any CPU
		{FF787E1B-C3DE-4933-9D0F-FA842DB4A0A3}.Release|Any CPU.ActiveCfg = Release|Any CPU
		{FF787E1B-C3DE-4933-9D0F-FA842DB4A0A3}.Release|Any CPU.Build.0 = Release|Any CPU
	EndGlobalSection
	GlobalSection(SolutionProperties) = preSolution
		HideSolutionNode = FALSE
	EndGlobalSection
	GlobalSection(ExtensibilityGlobals) = postSolution
		SolutionGuid = {33360260-DCD6-4E46-B46D-23077E256B31}
	EndGlobalSection
EndGlobal
